
Microsoft Visual Studio Solution File, Format Version 12.00
# Visual Studio Version 17
VisualStudioVersion = 17.0.31903.59
MinimumVisualStudioVersion = 10.0.40219.1
Project("{2150E333-8FDC-42A3-9474-1A3956D46DE8}") = "domain", "domain", "{57FEE2DB-D981-4E67-849D-25B1E664F55F}"
EndProject
Project("{9A19103F-16F7-4668-BE54-9A1E7A4F7556}") = "Store", "domain\Store\Store.csproj", "{6B002967-B79B-4D5A-9CFA-328CA0C3B476}"
EndProject
Project("{2150E333-8FDC-42A3-9474-1A3956D46DE8}") = "infrastructure", "infrastructure", "{3438588D-610F-4D51-B516-8F7E73EA7E2E}"
EndProject
Project("{2150E333-8FDC-42A3-9474-1A3956D46DE8}") = "presentation", "presentation", "{1FCF0EE4-D1D8-4F6C-9853-AD639FCBB76F}"
EndProject
Project("{9A19103F-16F7-4668-BE54-9A1E7A4F7556}") = "BallStore", "presentation\BallStore\BallStore.csproj", "{6C4154A9-06AA-4C1B-A611-E759AEDAC68C}"
EndProject
Project("{9A19103F-16F7-4668-BE54-9A1E7A4F7556}") = "BallStore.Tests", "domains\BallStore.Tests\BallStore.Tests.csproj", "{428FAFF6-6293-4431-9ABE-446178DDECAF}"
EndProject
Project("{9A19103F-16F7-4668-BE54-9A1E7A4F7556}") = "BallStore.Contractors", "presentation\BallStore.Contractors\BallStore.Contractors.csproj", "{3A0200F5-CA2D-41ED-8D0C-A177F4865732}"
EndProject
Project("{2150E333-8FDC-42A3-9474-1A3956D46DE8}") = "plugins", "plugins", "{CE7DF936-2799-49F3-992D-3C332366D335}"
EndProject
Project("{9A19103F-16F7-4668-BE54-9A1E7A4F7556}") = "BallStore.YandexKassa", "plugins\BallStore.YandexKassa\BallStore.YandexKassa.csproj", "{DBDF20BD-CF87-4DA0-85E2-6BAAF019DB48}"
EndProject
Project("{2150E333-8FDC-42A3-9474-1A3956D46DE8}") = "application", "application", "{F73D0355-A6B1-45DE-922D-5890D5FB9AA1}"
EndProject
Project("{9A19103F-16F7-4668-BE54-9A1E7A4F7556}") = "Store.Web.App", "application\Store.Web.App\Store.Web.App.csproj", "{6F14CC04-0024-4E46-A4CD-224260B2D7BF}"
EndProject
Project("{9A19103F-16F7-4668-BE54-9A1E7A4F7556}") = "Store.Data.EF", "infrastructure\Store.Data.EF\Store.Data.EF.csproj", "{936A7AFA-7F94-4DBD-A958-6D087097F767}"
EndProject
Project("{2150E333-8FDC-42A3-9474-1A3956D46DE8}") = "registration", "registration", "{4227CF6F-85D2-4617-88DB-8EC3BA5F5849}"
EndProject
Project("{FAE04EC0-301F-11D3-BF4B-00C04F79EFBC}") = "RegAndAuth", "RegAndAuth\RegAndAuth.csproj", "{E6001FD1-67DE-41A1-87CD-75CD324F4229}"
EndProject
Global
	GlobalSection(SolutionConfigurationPlatforms) = preSolution
		Debug|Any CPU = Debug|Any CPU
		Release|Any CPU = Release|Any CPU
	EndGlobalSection
	GlobalSection(ProjectConfigurationPlatforms) = postSolution
		{6B002967-B79B-4D5A-9CFA-328CA0C3B476}.Debug|Any CPU.ActiveCfg = Debug|Any CPU
		{6B002967-B79B-4D5A-9CFA-328CA0C3B476}.Debug|Any CPU.Build.0 = Debug|Any CPU
		{6B002967-B79B-4D5A-9CFA-328CA0C3B476}.Release|Any CPU.ActiveCfg = Release|Any CPU
		{6B002967-B79B-4D5A-9CFA-328CA0C3B476}.Release|Any CPU.Build.0 = Release|Any CPU
		{6C4154A9-06AA-4C1B-A611-E759AEDAC68C}.Debug|Any CPU.ActiveCfg = Debug|Any CPU
		{6C4154A9-06AA-4C1B-A611-E759AEDAC68C}.Debug|Any CPU.Build.0 = Debug|Any CPU
		{6C4154A9-06AA-4C1B-A611-E759AEDAC68C}.Release|Any CPU.ActiveCfg = Release|Any CPU
		{6C4154A9-06AA-4C1B-A611-E759AEDAC68C}.Release|Any CPU.Build.0 = Release|Any CPU
		{428FAFF6-6293-4431-9ABE-446178DDECAF}.Debug|Any CPU.ActiveCfg = Debug|Any CPU
		{428FAFF6-6293-4431-9ABE-446178DDECAF}.Debug|Any CPU.Build.0 = Debug|Any CPU
		{428FAFF6-6293-4431-9ABE-446178DDECAF}.Release|Any CPU.ActiveCfg = Release|Any CPU
		{428FAFF6-6293-4431-9ABE-446178DDECAF}.Release|Any CPU.Build.0 = Release|Any CPU
		{3A0200F5-CA2D-41ED-8D0C-A177F4865732}.Debug|Any CPU.ActiveCfg = Debug|Any CPU
		{3A0200F5-CA2D-41ED-8D0C-A177F4865732}.Debug|Any CPU.Build.0 = Debug|Any CPU
		{3A0200F5-CA2D-41ED-8D0C-A177F4865732}.Release|Any CPU.ActiveCfg = Release|Any CPU
		{3A0200F5-CA2D-41ED-8D0C-A177F4865732}.Release|Any CPU.Build.0 = Release|Any CPU
		{DBDF20BD-CF87-4DA0-85E2-6BAAF019DB48}.Debug|Any CPU.ActiveCfg = Debug|Any CPU
		{DBDF20BD-CF87-4DA0-85E2-6BAAF019DB48}.Debug|Any CPU.Build.0 = Debug|Any CPU
		{DBDF20BD-CF87-4DA0-85E2-6BAAF019DB48}.Release|Any CPU.ActiveCfg = Release|Any CPU
		{DBDF20BD-CF87-4DA0-85E2-6BAAF019DB48}.Release|Any CPU.Build.0 = Release|Any CPU
		{6F14CC04-0024-4E46-A4CD-224260B2D7BF}.Debug|Any CPU.ActiveCfg = Debug|Any CPU
		{6F14CC04-0024-4E46-A4CD-224260B2D7BF}.Debug|Any CPU.Build.0 = Debug|Any CPU
		{6F14CC04-0024-4E46-A4CD-224260B2D7BF}.Release|Any CPU.ActiveCfg = Release|Any CPU
		{6F14CC04-0024-4E46-A4CD-224260B2D7BF}.Release|Any CPU.Build.0 = Release|Any CPU
		{936A7AFA-7F94-4DBD-A958-6D087097F767}.Debug|Any CPU.ActiveCfg = Debug|Any CPU
		{936A7AFA-7F94-4DBD-A958-6D087097F767}.Debug|Any CPU.Build.0 = Debug|Any CPU
		{936A7AFA-7F94-4DBD-A958-6D087097F767}.Release|Any CPU.ActiveCfg = Release|Any CPU
		{936A7AFA-7F94-4DBD-A958-6D087097F767}.Release|Any CPU.Build.0 = Release|Any CPU
		{E6001FD1-67DE-41A1-87CD-75CD324F4229}.Debug|Any CPU.ActiveCfg = Debug|Any CPU
		{E6001FD1-67DE-41A1-87CD-75CD324F4229}.Debug|Any CPU.Build.0 = Debug|Any CPU
		{E6001FD1-67DE-41A1-87CD-75CD324F4229}.Release|Any CPU.ActiveCfg = Release|Any CPU
		{E6001FD1-67DE-41A1-87CD-75CD324F4229}.Release|Any CPU.Build.0 = Release|Any CPU
	EndGlobalSection
	GlobalSection(SolutionProperties) = preSolution
		HideSolutionNode = FALSE
	EndGlobalSection
	GlobalSection(NestedProjects) = preSolution
		{6B002967-B79B-4D5A-9CFA-328CA0C3B476} = {57FEE2DB-D981-4E67-849D-25B1E664F55F}
		{6C4154A9-06AA-4C1B-A611-E759AEDAC68C} = {1FCF0EE4-D1D8-4F6C-9853-AD639FCBB76F}
		{428FAFF6-6293-4431-9ABE-446178DDECAF} = {57FEE2DB-D981-4E67-849D-25B1E664F55F}
		{3A0200F5-CA2D-41ED-8D0C-A177F4865732} = {1FCF0EE4-D1D8-4F6C-9853-AD639FCBB76F}
		{DBDF20BD-CF87-4DA0-85E2-6BAAF019DB48} = {CE7DF936-2799-49F3-992D-3C332366D335}
		{6F14CC04-0024-4E46-A4CD-224260B2D7BF} = {F73D0355-A6B1-45DE-922D-5890D5FB9AA1}
		{936A7AFA-7F94-4DBD-A958-6D087097F767} = {3438588D-610F-4D51-B516-8F7E73EA7E2E}
		{E6001FD1-67DE-41A1-87CD-75CD324F4229} = {4227CF6F-85D2-4617-88DB-8EC3BA5F5849}
	EndGlobalSection
	GlobalSection(ExtensibilityGlobals) = postSolution
		SolutionGuid = {3D34B36D-6DAE-49DB-927F-C4C84D703A9E}
	EndGlobalSection
EndGlobal
